
Microsoft Visual Studio Solution File, Format Version 12.00
# Visual Studio Version 17
VisualStudioVersion = 17.3.32901.215
MinimumVisualStudioVersion = 10.0.40219.1
Project("{FAE04EC0-301F-11D3-BF4B-00C04F79EFBC}") = "mtg-collector-tool-ui", "mtg-collector-tool-ui\mtg-collector-tool-ui.csproj", "{20778527-B8C6-49C1-844C-12FC63F01470}"
EndProject
Global
	GlobalSection(SolutionConfigurationPlatforms) = preSolution
		Debug|Any CPU = Debug|Any CPU
		Release|Any CPU = Release|Any CPU
	EndGlobalSection
	GlobalSection(ProjectConfigurationPlatforms) = postSolution
		{20778527-B8C6-49C1-844C-12FC63F01470}.Debug|Any CPU.ActiveCfg = Debug|Any CPU
		{20778527-B8C6-49C1-844C-12FC63F01470}.Debug|Any CPU.Build.0 = Debug|Any CPU
		{20778527-B8C6-49C1-844C-12FC63F01470}.Release|Any CPU.ActiveCfg = Release|Any CPU
		{20778527-B8C6-49C1-844C-12FC63F01470}.Release|Any CPU.Build.0 = Release|Any CPU
	EndGlobalSection
	GlobalSection(SolutionProperties) = preSolution
		HideSolutionNode = FALSE
	EndGlobalSection
	GlobalSection(ExtensibilityGlobals) = postSolution
		SolutionGuid = {A8FCAFCB-919D-441F-8C32-721F2DFD7F2B}
	EndGlobalSection
EndGlobal
